
Microsoft Visual Studio Solution File, Format Version 12.00
# Visual Studio 15
VisualStudioVersion = 15.0.28307.902
MinimumVisualStudioVersion = 10.0.40219.1
Project("{FAE04EC0-301F-11D3-BF4B-00C04F79EFBC}") = "SplitStringBalancedStrings", "SplitStringBalancedStrings\SplitStringBalancedStrings.csproj", "{54952CFD-8270-4EBC-9FED-5FEAE45C08AB}"
EndProject
Project("{FAE04EC0-301F-11D3-BF4B-00C04F79EFBC}") = "SplitStringBalancedStrings.Tests", "SplitStringBalancedStrings.Tests\SplitStringBalancedStrings.Tests.csproj", "{D1F76CA3-66EF-4A76-B95E-A36AD3C3A377}"
EndProject
Global
	GlobalSection(SolutionConfigurationPlatforms) = preSolution
		Debug|Any CPU = Debug|Any CPU
		Release|Any CPU = Release|Any CPU
	EndGlobalSection
	GlobalSection(ProjectConfigurationPlatforms) = postSolution
		{54952CFD-8270-4EBC-9FED-5FEAE45C08AB}.Debug|Any CPU.ActiveCfg = Debug|Any CPU
		{54952CFD-8270-4EBC-9FED-5FEAE45C08AB}.Debug|Any CPU.Build.0 = Debug|Any CPU
		{54952CFD-8270-4EBC-9FED-5FEAE45C08AB}.Release|Any CPU.ActiveCfg = Release|Any CPU
		{54952CFD-8270-4EBC-9FED-5FEAE45C08AB}.Release|Any CPU.Build.0 = Release|Any CPU
		{D1F76CA3-66EF-4A76-B95E-A36AD3C3A377}.Debug|Any CPU.ActiveCfg = Debug|Any CPU
		{D1F76CA3-66EF-4A76-B95E-A36AD3C3A377}.Debug|Any CPU.Build.0 = Debug|Any CPU
		{D1F76CA3-66EF-4A76-B95E-A36AD3C3A377}.Release|Any CPU.ActiveCfg = Release|Any CPU
		{D1F76CA3-66EF-4A76-B95E-A36AD3C3A377}.Release|Any CPU.Build.0 = Release|Any CPU
	EndGlobalSection
	GlobalSection(SolutionProperties) = preSolution
		HideSolutionNode = FALSE
	EndGlobalSection
	GlobalSection(ExtensibilityGlobals) = postSolution
		SolutionGuid = {28A8B96A-2949-438C-A35E-7C7E8D34CE1B}
	EndGlobalSection
EndGlobal
