
Microsoft Visual Studio Solution File, Format Version 12.00
# Visual Studio 15
VisualStudioVersion = 15.0.28307.757
MinimumVisualStudioVersion = 10.0.40219.1
Project("{FAE04EC0-301F-11D3-BF4B-00C04F79EFBC}") = "OutermostParentheses_CSharp", "OutermostParentheses_CSharp\OutermostParentheses_CSharp.csproj", "{AE3956F5-D506-4557-894E-4A0D5EAAB3CC}"
EndProject
Project("{FAE04EC0-301F-11D3-BF4B-00C04F79EFBC}") = "OutermostParentheses_CSharp.Tests", "OutermostParentheses_CSharp.Tests\OutermostParentheses_CSharp.Tests.csproj", "{E0DA3C6D-059C-4359-871A-BDE07311417B}"
EndProject
Global
	GlobalSection(SolutionConfigurationPlatforms) = preSolution
		Debug|Any CPU = Debug|Any CPU
		Release|Any CPU = Release|Any CPU
	EndGlobalSection
	GlobalSection(ProjectConfigurationPlatforms) = postSolution
		{AE3956F5-D506-4557-894E-4A0D5EAAB3CC}.Debug|Any CPU.ActiveCfg = Debug|Any CPU
		{AE3956F5-D506-4557-894E-4A0D5EAAB3CC}.Debug|Any CPU.Build.0 = Debug|Any CPU
		{AE3956F5-D506-4557-894E-4A0D5EAAB3CC}.Release|Any CPU.ActiveCfg = Release|Any CPU
		{AE3956F5-D506-4557-894E-4A0D5EAAB3CC}.Release|Any CPU.Build.0 = Release|Any CPU
		{E0DA3C6D-059C-4359-871A-BDE07311417B}.Debug|Any CPU.ActiveCfg = Debug|Any CPU
		{E0DA3C6D-059C-4359-871A-BDE07311417B}.Debug|Any CPU.Build.0 = Debug|Any CPU
		{E0DA3C6D-059C-4359-871A-BDE07311417B}.Release|Any CPU.ActiveCfg = Release|Any CPU
		{E0DA3C6D-059C-4359-871A-BDE07311417B}.Release|Any CPU.Build.0 = Release|Any CPU
	EndGlobalSection
	GlobalSection(SolutionProperties) = preSolution
		HideSolutionNode = FALSE
	EndGlobalSection
	GlobalSection(ExtensibilityGlobals) = postSolution
		SolutionGuid = {39A518AA-CC16-4E2B-918E-289E7361C6B9}
	EndGlobalSection
EndGlobal
